
Microsoft Visual Studio Solution File, Format Version 12.00
# Visual Studio Version 17
VisualStudioVersion = 17.3.32825.248
MinimumVisualStudioVersion = 10.0.40219.1
Project("{FAE04EC0-301F-11D3-BF4B-00C04F79EFBC}") = "Employee.Api", "Employee.Api.csproj", "{71472DD5-8428-4933-B81B-43897F43A5A5}"
EndProject
Global
	GlobalSection(SolutionConfigurationPlatforms) = preSolution
		Debug|Any CPU = Debug|Any CPU
		Release|Any CPU = Release|Any CPU
	EndGlobalSection
	GlobalSection(ProjectConfigurationPlatforms) = postSolution
		{71472DD5-8428-4933-B81B-43897F43A5A5}.Debug|Any CPU.ActiveCfg = Debug|Any CPU
		{71472DD5-8428-4933-B81B-43897F43A5A5}.Debug|Any CPU.Build.0 = Debug|Any CPU
		{71472DD5-8428-4933-B81B-43897F43A5A5}.Release|Any CPU.ActiveCfg = Release|Any CPU
		{71472DD5-8428-4933-B81B-43897F43A5A5}.Release|Any CPU.Build.0 = Release|Any CPU
	EndGlobalSection
	GlobalSection(SolutionProperties) = preSolution
		HideSolutionNode = FALSE
	EndGlobalSection
	GlobalSection(ExtensibilityGlobals) = postSolution
		SolutionGuid = {7B08BD49-564F-44C8-8CA2-86D2EC70A111}
	EndGlobalSection
EndGlobal
